
Microsoft Visual Studio Solution File, Format Version 12.00
# Visual Studio 15
VisualStudioVersion = 15.0.27428.2037
MinimumVisualStudioVersion = 10.0.40219.1
Project("{2150E333-8FDC-42A3-9474-1A3956D46DE8}") = "Solution Items", "Solution Items", "{8F9435A2-39D9-45E6-A917-C0AA88355BEA}"
	ProjectSection(SolutionItems) = preProject
		CNAME = CNAME
		index.html = index.html
		MainStyles.css = MainStyles.css
	EndProjectSection
EndProject
Project("{2150E333-8FDC-42A3-9474-1A3956D46DE8}") = "Projects", "Projects", "{3F020A84-E734-4654-90C4-F527CFCA6217}"
	ProjectSection(SolutionItems) = preProject
		Projects\index.html = Projects\index.html
	EndProjectSection
EndProject
Project("{2150E333-8FDC-42A3-9474-1A3956D46DE8}") = "Contact", "Contact", "{213B112E-6DEB-4987-9348-0E531EEAAAC5}"
	ProjectSection(SolutionItems) = preProject
		Contact\index.html = Contact\index.html
	EndProjectSection
EndProject
Project("{2150E333-8FDC-42A3-9474-1A3956D46DE8}") = "Resume", "Resume", "{22F74FEA-2A4C-487D-9544-8D0C7CA96FC1}"
	ProjectSection(SolutionItems) = preProject
		Resume\index.html = Resume\index.html
	EndProjectSection
EndProject
Global
	GlobalSection(SolutionProperties) = preSolution
		HideSolutionNode = FALSE
	EndGlobalSection
	GlobalSection(NestedProjects) = preSolution
		{3F020A84-E734-4654-90C4-F527CFCA6217} = {8F9435A2-39D9-45E6-A917-C0AA88355BEA}
		{213B112E-6DEB-4987-9348-0E531EEAAAC5} = {8F9435A2-39D9-45E6-A917-C0AA88355BEA}
		{22F74FEA-2A4C-487D-9544-8D0C7CA96FC1} = {8F9435A2-39D9-45E6-A917-C0AA88355BEA}
	EndGlobalSection
	GlobalSection(ExtensibilityGlobals) = postSolution
		SolutionGuid = {94A9808B-23D2-4715-978F-7E02AAE9C077}
	EndGlobalSection
EndGlobal
